// !$*UTF8*$!
{
	archiveVersion = 1;
	classes = {
	};
	objectVersion = 46;
	objects = {

/* Begin PBXBuildFile section */
		F89C02AD14B254A100A365B5 /* mares_darwin.h in Headers */ = {isa = PBXBuildFile; fileRef = F89C02AC14B254A100A365B5 /* mares_darwin.h */; };
		F89C02B014B254BC00A365B5 /* mares_darwin_parser.c in Sources */ = {isa = PBXBuildFile; fileRef = F89C02AE14B254BC00A365B5 /* mares_darwin_parser.c */; };
		F89C02B114B254BC00A365B5 /* mares_darwin.c in Sources */ = {isa = PBXBuildFile; fileRef = F89C02AF14B254BC00A365B5 /* mares_darwin.c */; };
		F8B76540148CD320005FE52F /* array.h in Headers */ = {isa = PBXBuildFile; fileRef = F8B7650F148CD320005FE52F /* array.h */; };
		F8B76541148CD320005FE52F /* atomics_cobalt.h in Headers */ = {isa = PBXBuildFile; fileRef = F8B76510148CD320005FE52F /* atomics_cobalt.h */; };
		F8B76542148CD320005FE52F /* atomics.h in Headers */ = {isa = PBXBuildFile; fileRef = F8B76511148CD320005FE52F /* atomics.h */; };
		F8B76543148CD320005FE52F /* buffer.h in Headers */ = {isa = PBXBuildFile; fileRef = F8B76512148CD320005FE52F /* buffer.h */; };
		F8B76544148CD320005FE52F /* checksum.h in Headers */ = {isa = PBXBuildFile; fileRef = F8B76513148CD320005FE52F /* checksum.h */; };
		F8B76545148CD320005FE52F /* cressi_edy.h in Headers */ = {isa = PBXBuildFile; fileRef = F8B76514148CD320005FE52F /* cressi_edy.h */; };
		F8B76546148CD320005FE52F /* cressi.h in Headers */ = {isa = PBXBuildFile; fileRef = F8B76515148CD320005FE52F /* cressi.h */; };
		F8B76547148CD320005FE52F /* datetime.h in Headers */ = {isa = PBXBuildFile; fileRef = F8B76516148CD320005FE52F /* datetime.h */; };
		F8B76548148CD320005FE52F /* device-private.h in Headers */ = {isa = PBXBuildFile; fileRef = F8B76517148CD320005FE52F /* device-private.h */; };
		F8B76549148CD320005FE52F /* device.h in Headers */ = {isa = PBXBuildFile; fileRef = F8B76518148CD320005FE52F /* device.h */; };
		F8B7654A148CD320005FE52F /* hw_ostc.h in Headers */ = {isa = PBXBuildFile; fileRef = F8B76519148CD320005FE52F /* hw_ostc.h */; };
		F8B7654B148CD320005FE52F /* hw.h in Headers */ = {isa = PBXBuildFile; fileRef = F8B7651A148CD320005FE52F /* hw.h */; };
		F8B7654C148CD320005FE52F /* irda.h in Headers */ = {isa = PBXBuildFile; fileRef = F8B7651B148CD320005FE52F /* irda.h */; };
		F8B7654D148CD320005FE52F /* mares_common.h in Headers */ = {isa = PBXBuildFile; fileRef = F8B7651C148CD320005FE52F /* mares_common.h */; };
		F8B7654F148CD320005FE52F /* mares_iconhd.h in Headers */ = {isa = PBXBuildFile; fileRef = F8B7651E148CD320005FE52F /* mares_iconhd.h */; };
		F8B76550148CD320005FE52F /* mares_nemo.h in Headers */ = {isa = PBXBuildFile; fileRef = F8B7651F148CD320005FE52F /* mares_nemo.h */; };
		F8B76551148CD320005FE52F /* mares_puck.h in Headers */ = {isa = PBXBuildFile; fileRef = F8B76520148CD320005FE52F /* mares_puck.h */; };
		F8B76552148CD320005FE52F /* mares.h in Headers */ = {isa = PBXBuildFile; fileRef = F8B76521148CD320005FE52F /* mares.h */; };
		F8B76553148CD320005FE52F /* oceanic_atom2.h in Headers */ = {isa = PBXBuildFile; fileRef = F8B76522148CD320005FE52F /* oceanic_atom2.h */; };
		F8B76554148CD320005FE52F /* oceanic_common.h in Headers */ = {isa = PBXBuildFile; fileRef = F8B76523148CD320005FE52F /* oceanic_common.h */; };
		F8B76555148CD320005FE52F /* oceanic_veo250.h in Headers */ = {isa = PBXBuildFile; fileRef = F8B76524148CD320005FE52F /* oceanic_veo250.h */; };
		F8B76556148CD320005FE52F /* oceanic_vtpro.h in Headers */ = {isa = PBXBuildFile; fileRef = F8B76525148CD320005FE52F /* oceanic_vtpro.h */; };
		F8B76557148CD320005FE52F /* oceanic.h in Headers */ = {isa = PBXBuildFile; fileRef = F8B76526148CD320005FE52F /* oceanic.h */; };
		F8B76558148CD320005FE52F /* parser-private.h in Headers */ = {isa = PBXBuildFile; fileRef = F8B76527148CD320005FE52F /* parser-private.h */; };
		F8B76559148CD320005FE52F /* parser.h in Headers */ = {isa = PBXBuildFile; fileRef = F8B76528148CD320005FE52F /* parser.h */; };
		F8B7655A148CD320005FE52F /* reefnet_sensus.h in Headers */ = {isa = PBXBuildFile; fileRef = F8B76529148CD320005FE52F /* reefnet_sensus.h */; };
		F8B7655B148CD320005FE52F /* reefnet_sensuspro.h in Headers */ = {isa = PBXBuildFile; fileRef = F8B7652A148CD320005FE52F /* reefnet_sensuspro.h */; };
		F8B7655C148CD320005FE52F /* reefnet_sensusultra.h in Headers */ = {isa = PBXBuildFile; fileRef = F8B7652B148CD320005FE52F /* reefnet_sensusultra.h */; };
		F8B7655D148CD320005FE52F /* reefnet.h in Headers */ = {isa = PBXBuildFile; fileRef = F8B7652C148CD320005FE52F /* reefnet.h */; };
		F8B7655E148CD320005FE52F /* ringbuffer.h in Headers */ = {isa = PBXBuildFile; fileRef = F8B7652D148CD320005FE52F /* ringbuffer.h */; };
		F8B7655F148CD320005FE52F /* serial.h in Headers */ = {isa = PBXBuildFile; fileRef = F8B7652E148CD320005FE52F /* serial.h */; };
		F8B76560148CD320005FE52F /* suunto_common.h in Headers */ = {isa = PBXBuildFile; fileRef = F8B7652F148CD320005FE52F /* suunto_common.h */; };
		F8B76561148CD320005FE52F /* suunto_common2.h in Headers */ = {isa = PBXBuildFile; fileRef = F8B76530148CD320005FE52F /* suunto_common2.h */; };
		F8B76562148CD320005FE52F /* suunto_d9.h in Headers */ = {isa = PBXBuildFile; fileRef = F8B76531148CD320005FE52F /* suunto_d9.h */; };
		F8B76563148CD320005FE52F /* suunto_eon.h in Headers */ = {isa = PBXBuildFile; fileRef = F8B76532148CD320005FE52F /* suunto_eon.h */; };
		F8B76564148CD320005FE52F /* suunto_solution.h in Headers */ = {isa = PBXBuildFile; fileRef = F8B76533148CD320005FE52F /* suunto_solution.h */; };
		F8B76565148CD320005FE52F /* suunto_vyper.h in Headers */ = {isa = PBXBuildFile; fileRef = F8B76534148CD320005FE52F /* suunto_vyper.h */; };
		F8B76566148CD320005FE52F /* suunto_vyper2.h in Headers */ = {isa = PBXBuildFile; fileRef = F8B76535148CD320005FE52F /* suunto_vyper2.h */; };
		F8B76567148CD320005FE52F /* suunto.h in Headers */ = {isa = PBXBuildFile; fileRef = F8B76536148CD320005FE52F /* suunto.h */; };
		F8B76568148CD320005FE52F /* units.h in Headers */ = {isa = PBXBuildFile; fileRef = F8B76537148CD320005FE52F /* units.h */; };
		F8B76569148CD320005FE52F /* utils.h in Headers */ = {isa = PBXBuildFile; fileRef = F8B76538148CD320005FE52F /* utils.h */; };
		F8B7656A148CD320005FE52F /* uwatec_aladin.h in Headers */ = {isa = PBXBuildFile; fileRef = F8B76539148CD320005FE52F /* uwatec_aladin.h */; };
		F8B7656B148CD320005FE52F /* uwatec_memomouse.h in Headers */ = {isa = PBXBuildFile; fileRef = F8B7653A148CD320005FE52F /* uwatec_memomouse.h */; };
		F8B7656C148CD320005FE52F /* uwatec_smart.h in Headers */ = {isa = PBXBuildFile; fileRef = F8B7653B148CD320005FE52F /* uwatec_smart.h */; };
		F8B7656D148CD320005FE52F /* uwatec.h in Headers */ = {isa = PBXBuildFile; fileRef = F8B7653C148CD320005FE52F /* uwatec.h */; };
		F8B7656E148CD320005FE52F /* version.h in Headers */ = {isa = PBXBuildFile; fileRef = F8B7653D148CD320005FE52F /* version.h */; };
		F8B7656F148CD320005FE52F /* zeagle_n2ition3.h in Headers */ = {isa = PBXBuildFile; fileRef = F8B7653E148CD320005FE52F /* zeagle_n2ition3.h */; };
		F8B76570148CD320005FE52F /* zeagle.h in Headers */ = {isa = PBXBuildFile; fileRef = F8B7653F148CD320005FE52F /* zeagle.h */; };
		F8B765AA148CD333005FE52F /* array.c in Sources */ = {isa = PBXBuildFile; fileRef = F8B76571148CD333005FE52F /* array.c */; };
		F8B765AB148CD333005FE52F /* atomics_cobalt_parser.c in Sources */ = {isa = PBXBuildFile; fileRef = F8B76572148CD333005FE52F /* atomics_cobalt_parser.c */; };
		F8B765AC148CD333005FE52F /* atomics_cobalt.c in Sources */ = {isa = PBXBuildFile; fileRef = F8B76573148CD333005FE52F /* atomics_cobalt.c */; };
		F8B765AD148CD333005FE52F /* buffer.c in Sources */ = {isa = PBXBuildFile; fileRef = F8B76574148CD333005FE52F /* buffer.c */; };
		F8B765AE148CD333005FE52F /* checksum.c in Sources */ = {isa = PBXBuildFile; fileRef = F8B76575148CD333005FE52F /* checksum.c */; };
		F8B765AF148CD333005FE52F /* cressi_edy_parser.c in Sources */ = {isa = PBXBuildFile; fileRef = F8B76576148CD333005FE52F /* cressi_edy_parser.c */; };
		F8B765B0148CD333005FE52F /* cressi_edy.c in Sources */ = {isa = PBXBuildFile; fileRef = F8B76577148CD333005FE52F /* cressi_edy.c */; };
		F8B765B1148CD333005FE52F /* datetime.c in Sources */ = {isa = PBXBuildFile; fileRef = F8B76578148CD333005FE52F /* datetime.c */; };
		F8B765B2148CD333005FE52F /* device.c in Sources */ = {isa = PBXBuildFile; fileRef = F8B76579148CD333005FE52F /* device.c */; };
		F8B765B3148CD333005FE52F /* hw_ostc_parser.c in Sources */ = {isa = PBXBuildFile; fileRef = F8B7657A148CD333005FE52F /* hw_ostc_parser.c */; };
		F8B765B4148CD333005FE52F /* hw_ostc.c in Sources */ = {isa = PBXBuildFile; fileRef = F8B7657B148CD333005FE52F /* hw_ostc.c */; };
		F8B765B5148CD333005FE52F /* irda_dummy.c in Sources */ = {isa = PBXBuildFile; fileRef = F8B7657C148CD333005FE52F /* irda_dummy.c */; };
		F8B765B7148CD333005FE52F /* mares_common.c in Sources */ = {isa = PBXBuildFile; fileRef = F8B7657E148CD333005FE52F /* mares_common.c */; };
		F8B765BA148CD333005FE52F /* mares_iconhd_parser.c in Sources */ = {isa = PBXBuildFile; fileRef = F8B76581148CD333005FE52F /* mares_iconhd_parser.c */; };
		F8B765BB148CD333005FE52F /* mares_iconhd.c in Sources */ = {isa = PBXBuildFile; fileRef = F8B76582148CD333005FE52F /* mares_iconhd.c */; };
		F8B765BC148CD333005FE52F /* mares_nemo_parser.c in Sources */ = {isa = PBXBuildFile; fileRef = F8B76583148CD333005FE52F /* mares_nemo_parser.c */; };
		F8B765BD148CD333005FE52F /* mares_nemo.c in Sources */ = {isa = PBXBuildFile; fileRef = F8B76584148CD333005FE52F /* mares_nemo.c */; };
		F8B765BE148CD333005FE52F /* mares_puck.c in Sources */ = {isa = PBXBuildFile; fileRef = F8B76585148CD333005FE52F /* mares_puck.c */; };
		F8B765BF148CD333005FE52F /* oceanic_atom2_parser.c in Sources */ = {isa = PBXBuildFile; fileRef = F8B76586148CD333005FE52F /* oceanic_atom2_parser.c */; };
		F8B765C0148CD333005FE52F /* oceanic_atom2.c in Sources */ = {isa = PBXBuildFile; fileRef = F8B76587148CD333005FE52F /* oceanic_atom2.c */; };
		F8B765C1148CD333005FE52F /* oceanic_common.c in Sources */ = {isa = PBXBuildFile; fileRef = F8B76588148CD333005FE52F /* oceanic_common.c */; };
		F8B765C2148CD333005FE52F /* oceanic_veo250_parser.c in Sources */ = {isa = PBXBuildFile; fileRef = F8B76589148CD333005FE52F /* oceanic_veo250_parser.c */; };
		F8B765C3148CD333005FE52F /* oceanic_veo250.c in Sources */ = {isa = PBXBuildFile; fileRef = F8B7658A148CD333005FE52F /* oceanic_veo250.c */; };
		F8B765C4148CD333005FE52F /* oceanic_vtpro_parser.c in Sources */ = {isa = PBXBuildFile; fileRef = F8B7658B148CD333005FE52F /* oceanic_vtpro_parser.c */; };
		F8B765C5148CD333005FE52F /* oceanic_vtpro.c in Sources */ = {isa = PBXBuildFile; fileRef = F8B7658C148CD333005FE52F /* oceanic_vtpro.c */; };
		F8B765C6148CD333005FE52F /* parser.c in Sources */ = {isa = PBXBuildFile; fileRef = F8B7658D148CD333005FE52F /* parser.c */; };
		F8B765C7148CD333005FE52F /* reefnet_sensus_parser.c in Sources */ = {isa = PBXBuildFile; fileRef = F8B7658E148CD333005FE52F /* reefnet_sensus_parser.c */; };
		F8B765C8148CD333005FE52F /* reefnet_sensus.c in Sources */ = {isa = PBXBuildFile; fileRef = F8B7658F148CD333005FE52F /* reefnet_sensus.c */; };
		F8B765C9148CD333005FE52F /* reefnet_sensuspro_parser.c in Sources */ = {isa = PBXBuildFile; fileRef = F8B76590148CD333005FE52F /* reefnet_sensuspro_parser.c */; };
		F8B765CA148CD333005FE52F /* reefnet_sensuspro.c in Sources */ = {isa = PBXBuildFile; fileRef = F8B76591148CD333005FE52F /* reefnet_sensuspro.c */; };
		F8B765CB148CD333005FE52F /* reefnet_sensusultra_parser.c in Sources */ = {isa = PBXBuildFile; fileRef = F8B76592148CD333005FE52F /* reefnet_sensusultra_parser.c */; };
		F8B765CC148CD333005FE52F /* reefnet_sensusultra.c in Sources */ = {isa = PBXBuildFile; fileRef = F8B76593148CD333005FE52F /* reefnet_sensusultra.c */; };
		F8B765CD148CD333005FE52F /* ringbuffer.c in Sources */ = {isa = PBXBuildFile; fileRef = F8B76594148CD333005FE52F /* ringbuffer.c */; };
		F8B765CE148CD333005FE52F /* serial_posix.c in Sources */ = {isa = PBXBuildFile; fileRef = F8B76595148CD333005FE52F /* serial_posix.c */; };
		F8B765D0148CD333005FE52F /* suunto_common.c in Sources */ = {isa = PBXBuildFile; fileRef = F8B76597148CD333005FE52F /* suunto_common.c */; };
		F8B765D1148CD333005FE52F /* suunto_common2.c in Sources */ = {isa = PBXBuildFile; fileRef = F8B76598148CD333005FE52F /* suunto_common2.c */; };
		F8B765D2148CD333005FE52F /* suunto_d9_parser.c in Sources */ = {isa = PBXBuildFile; fileRef = F8B76599148CD333005FE52F /* suunto_d9_parser.c */; };
		F8B765D3148CD333005FE52F /* suunto_d9.c in Sources */ = {isa = PBXBuildFile; fileRef = F8B7659A148CD333005FE52F /* suunto_d9.c */; };
		F8B765D4148CD333005FE52F /* suunto_eon_parser.c in Sources */ = {isa = PBXBuildFile; fileRef = F8B7659B148CD333005FE52F /* suunto_eon_parser.c */; };
		F8B765D5148CD333005FE52F /* suunto_eon.c in Sources */ = {isa = PBXBuildFile; fileRef = F8B7659C148CD333005FE52F /* suunto_eon.c */; };
		F8B765D6148CD333005FE52F /* suunto_solution_parser.c in Sources */ = {isa = PBXBuildFile; fileRef = F8B7659D148CD333005FE52F /* suunto_solution_parser.c */; };
		F8B765D7148CD333005FE52F /* suunto_solution.c in Sources */ = {isa = PBXBuildFile; fileRef = F8B7659E148CD333005FE52F /* suunto_solution.c */; };
		F8B765D8148CD333005FE52F /* suunto_vyper_parser.c in Sources */ = {isa = PBXBuildFile; fileRef = F8B7659F148CD333005FE52F /* suunto_vyper_parser.c */; };
		F8B765D9148CD333005FE52F /* suunto_vyper.c in Sources */ = {isa = PBXBuildFile; fileRef = F8B765A0148CD333005FE52F /* suunto_vyper.c */; };
		F8B765DA148CD333005FE52F /* suunto_vyper2.c in Sources */ = {isa = PBXBuildFile; fileRef = F8B765A1148CD333005FE52F /* suunto_vyper2.c */; };
		F8B765DB148CD333005FE52F /* utils.c in Sources */ = {isa = PBXBuildFile; fileRef = F8B765A2148CD333005FE52F /* utils.c */; };
		F8B765DC148CD333005FE52F /* uwatec_aladin.c in Sources */ = {isa = PBXBuildFile; fileRef = F8B765A3148CD333005FE52F /* uwatec_aladin.c */; };
		F8B765DD148CD333005FE52F /* uwatec_memomouse_parser.c in Sources */ = {isa = PBXBuildFile; fileRef = F8B765A4148CD333005FE52F /* uwatec_memomouse_parser.c */; };
		F8B765DE148CD333005FE52F /* uwatec_memomouse.c in Sources */ = {isa = PBXBuildFile; fileRef = F8B765A5148CD333005FE52F /* uwatec_memomouse.c */; };
		F8B765DF148CD333005FE52F /* uwatec_smart_parser.c in Sources */ = {isa = PBXBuildFile; fileRef = F8B765A6148CD333005FE52F /* uwatec_smart_parser.c */; };
		F8B765E0148CD333005FE52F /* uwatec_smart.c in Sources */ = {isa = PBXBuildFile; fileRef = F8B765A7148CD333005FE52F /* uwatec_smart.c */; };
		F8B765E1148CD333005FE52F /* version.c in Sources */ = {isa = PBXBuildFile; fileRef = F8B765A8148CD333005FE52F /* version.c */; };
		F8B765E2148CD333005FE52F /* zeagle_n2ition3.c in Sources */ = {isa = PBXBuildFile; fileRef = F8B765A9148CD333005FE52F /* zeagle_n2ition3.c */; };
/* End PBXBuildFile section */

/* Begin PBXFileReference section */
		D2AAC0630554660B00DB518D /* liblibdivecomputer.dylib */ = {isa = PBXFileReference; explicitFileType = "compiled.mach-o.dylib"; includeInIndex = 0; path = liblibdivecomputer.dylib; sourceTree = BUILT_PRODUCTS_DIR; };
		F89C02AC14B254A100A365B5 /* mares_darwin.h */ = {isa = PBXFileReference; fileEncoding = 4; lastKnownFileType = sourcecode.c.h; name = mares_darwin.h; path = src/mares_darwin.h; sourceTree = "<group>"; };
		F89C02AE14B254BC00A365B5 /* mares_darwin_parser.c */ = {isa = PBXFileReference; fileEncoding = 4; lastKnownFileType = sourcecode.c.c; name = mares_darwin_parser.c; path = src/mares_darwin_parser.c; sourceTree = "<group>"; };
		F89C02AF14B254BC00A365B5 /* mares_darwin.c */ = {isa = PBXFileReference; fileEncoding = 4; lastKnownFileType = sourcecode.c.c; name = mares_darwin.c; path = src/mares_darwin.c; sourceTree = "<group>"; };
		F8B7650F148CD320005FE52F /* array.h */ = {isa = PBXFileReference; fileEncoding = 4; lastKnownFileType = sourcecode.c.h; name = array.h; path = src/array.h; sourceTree = "<group>"; };
		F8B76510148CD320005FE52F /* atomics_cobalt.h */ = {isa = PBXFileReference; fileEncoding = 4; lastKnownFileType = sourcecode.c.h; name = atomics_cobalt.h; path = src/atomics_cobalt.h; sourceTree = "<group>"; };
		F8B76511148CD320005FE52F /* atomics.h */ = {isa = PBXFileReference; fileEncoding = 4; lastKnownFileType = sourcecode.c.h; name = atomics.h; path = src/atomics.h; sourceTree = "<group>"; };
		F8B76512148CD320005FE52F /* buffer.h */ = {isa = PBXFileReference; fileEncoding = 4; lastKnownFileType = sourcecode.c.h; name = buffer.h; path = src/buffer.h; sourceTree = "<group>"; };
		F8B76513148CD320005FE52F /* checksum.h */ = {isa = PBXFileReference; fileEncoding = 4; lastKnownFileType = sourcecode.c.h; name = checksum.h; path = src/checksum.h; sourceTree = "<group>"; };
		F8B76514148CD320005FE52F /* cressi_edy.h */ = {isa = PBXFileReference; fileEncoding = 4; lastKnownFileType = sourcecode.c.h; name = cressi_edy.h; path = src/cressi_edy.h; sourceTree = "<group>"; };
		F8B76515148CD320005FE52F /* cressi.h */ = {isa = PBXFileReference; fileEncoding = 4; lastKnownFileType = sourcecode.c.h; name = cressi.h; path = src/cressi.h; sourceTree = "<group>"; };
		F8B76516148CD320005FE52F /* datetime.h */ = {isa = PBXFileReference; fileEncoding = 4; lastKnownFileType = sourcecode.c.h; name = datetime.h; path = src/datetime.h; sourceTree = "<group>"; };
		F8B76517148CD320005FE52F /* device-private.h */ = {isa = PBXFileReference; fileEncoding = 4; lastKnownFileType = sourcecode.c.h; name = "device-private.h"; path = "src/device-private.h"; sourceTree = "<group>"; };
		F8B76518148CD320005FE52F /* device.h */ = {isa = PBXFileReference; fileEncoding = 4; lastKnownFileType = sourcecode.c.h; name = device.h; path = src/device.h; sourceTree = "<group>"; };
		F8B76519148CD320005FE52F /* hw_ostc.h */ = {isa = PBXFileReference; fileEncoding = 4; lastKnownFileType = sourcecode.c.h; name = hw_ostc.h; path = src/hw_ostc.h; sourceTree = "<group>"; };
		F8B7651A148CD320005FE52F /* hw.h */ = {isa = PBXFileReference; fileEncoding = 4; lastKnownFileType = sourcecode.c.h; name = hw.h; path = src/hw.h; sourceTree = "<group>"; };
		F8B7651B148CD320005FE52F /* irda.h */ = {isa = PBXFileReference; fileEncoding = 4; lastKnownFileType = sourcecode.c.h; name = irda.h; path = src/irda.h; sourceTree = "<group>"; };
		F8B7651C148CD320005FE52F /* mares_common.h */ = {isa = PBXFileReference; fileEncoding = 4; lastKnownFileType = sourcecode.c.h; name = mares_common.h; path = src/mares_common.h; sourceTree = "<group>"; };
		F8B7651E148CD320005FE52F /* mares_iconhd.h */ = {isa = PBXFileReference; fileEncoding = 4; lastKnownFileType = sourcecode.c.h; name = mares_iconhd.h; path = src/mares_iconhd.h; sourceTree = "<group>"; };
		F8B7651F148CD320005FE52F /* mares_nemo.h */ = {isa = PBXFileReference; fileEncoding = 4; lastKnownFileType = sourcecode.c.h; name = mares_nemo.h; path = src/mares_nemo.h; sourceTree = "<group>"; };
		F8B76520148CD320005FE52F /* mares_puck.h */ = {isa = PBXFileReference; fileEncoding = 4; lastKnownFileType = sourcecode.c.h; name = mares_puck.h; path = src/mares_puck.h; sourceTree = "<group>"; };
		F8B76521148CD320005FE52F /* mares.h */ = {isa = PBXFileReference; fileEncoding = 4; lastKnownFileType = sourcecode.c.h; name = mares.h; path = src/mares.h; sourceTree = "<group>"; };
		F8B76522148CD320005FE52F /* oceanic_atom2.h */ = {isa = PBXFileReference; fileEncoding = 4; lastKnownFileType = sourcecode.c.h; name = oceanic_atom2.h; path = src/oceanic_atom2.h; sourceTree = "<group>"; };
		F8B76523148CD320005FE52F /* oceanic_common.h */ = {isa = PBXFileReference; fileEncoding = 4; lastKnownFileType = sourcecode.c.h; name = oceanic_common.h; path = src/oceanic_common.h; sourceTree = "<group>"; };
		F8B76524148CD320005FE52F /* oceanic_veo250.h */ = {isa = PBXFileReference; fileEncoding = 4; lastKnownFileType = sourcecode.c.h; name = oceanic_veo250.h; path = src/oceanic_veo250.h; sourceTree = "<group>"; };
		F8B76525148CD320005FE52F /* oceanic_vtpro.h */ = {isa = PBXFileReference; fileEncoding = 4; lastKnownFileType = sourcecode.c.h; name = oceanic_vtpro.h; path = src/oceanic_vtpro.h; sourceTree = "<group>"; };
		F8B76526148CD320005FE52F /* oceanic.h */ = {isa = PBXFileReference; fileEncoding = 4; lastKnownFileType = sourcecode.c.h; name = oceanic.h; path = src/oceanic.h; sourceTree = "<group>"; };
		F8B76527148CD320005FE52F /* parser-private.h */ = {isa = PBXFileReference; fileEncoding = 4; lastKnownFileType = sourcecode.c.h; name = "parser-private.h"; path = "src/parser-private.h"; sourceTree = "<group>"; };
		F8B76528148CD320005FE52F /* parser.h */ = {isa = PBXFileReference; fileEncoding = 4; lastKnownFileType = sourcecode.c.h; name = parser.h; path = src/parser.h; sourceTree = "<group>"; };
		F8B76529148CD320005FE52F /* reefnet_sensus.h */ = {isa = PBXFileReference; fileEncoding = 4; lastKnownFileType = sourcecode.c.h; name = reefnet_sensus.h; path = src/reefnet_sensus.h; sourceTree = "<group>"; };
		F8B7652A148CD320005FE52F /* reefnet_sensuspro.h */ = {isa = PBXFileReference; fileEncoding = 4; lastKnownFileType = sourcecode.c.h; name = reefnet_sensuspro.h; path = src/reefnet_sensuspro.h; sourceTree = "<group>"; };
		F8B7652B148CD320005FE52F /* reefnet_sensusultra.h */ = {isa = PBXFileReference; fileEncoding = 4; lastKnownFileType = sourcecode.c.h; name = reefnet_sensusultra.h; path = src/reefnet_sensusultra.h; sourceTree = "<group>"; };
		F8B7652C148CD320005FE52F /* reefnet.h */ = {isa = PBXFileReference; fileEncoding = 4; lastKnownFileType = sourcecode.c.h; name = reefnet.h; path = src/reefnet.h; sourceTree = "<group>"; };
		F8B7652D148CD320005FE52F /* ringbuffer.h */ = {isa = PBXFileReference; fileEncoding = 4; lastKnownFileType = sourcecode.c.h; name = ringbuffer.h; path = src/ringbuffer.h; sourceTree = "<group>"; };
		F8B7652E148CD320005FE52F /* serial.h */ = {isa = PBXFileReference; fileEncoding = 4; lastKnownFileType = sourcecode.c.h; name = serial.h; path = src/serial.h; sourceTree = "<group>"; };
		F8B7652F148CD320005FE52F /* suunto_common.h */ = {isa = PBXFileReference; fileEncoding = 4; lastKnownFileType = sourcecode.c.h; name = suunto_common.h; path = src/suunto_common.h; sourceTree = "<group>"; };
		F8B76530148CD320005FE52F /* suunto_common2.h */ = {isa = PBXFileReference; fileEncoding = 4; lastKnownFileType = sourcecode.c.h; name = suunto_common2.h; path = src/suunto_common2.h; sourceTree = "<group>"; };
		F8B76531148CD320005FE52F /* suunto_d9.h */ = {isa = PBXFileReference; fileEncoding = 4; lastKnownFileType = sourcecode.c.h; name = suunto_d9.h; path = src/suunto_d9.h; sourceTree = "<group>"; };
		F8B76532148CD320005FE52F /* suunto_eon.h */ = {isa = PBXFileReference; fileEncoding = 4; lastKnownFileType = sourcecode.c.h; name = suunto_eon.h; path = src/suunto_eon.h; sourceTree = "<group>"; };
		F8B76533148CD320005FE52F /* suunto_solution.h */ = {isa = PBXFileReference; fileEncoding = 4; lastKnownFileType = sourcecode.c.h; name = suunto_solution.h; path = src/suunto_solution.h; sourceTree = "<group>"; };
		F8B76534148CD320005FE52F /* suunto_vyper.h */ = {isa = PBXFileReference; fileEncoding = 4; lastKnownFileType = sourcecode.c.h; name = suunto_vyper.h; path = src/suunto_vyper.h; sourceTree = "<group>"; };
		F8B76535148CD320005FE52F /* suunto_vyper2.h */ = {isa = PBXFileReference; fileEncoding = 4; lastKnownFileType = sourcecode.c.h; name = suunto_vyper2.h; path = src/suunto_vyper2.h; sourceTree = "<group>"; };
		F8B76536148CD320005FE52F /* suunto.h */ = {isa = PBXFileReference; fileEncoding = 4; lastKnownFileType = sourcecode.c.h; name = suunto.h; path = src/suunto.h; sourceTree = "<group>"; };
		F8B76537148CD320005FE52F /* units.h */ = {isa = PBXFileReference; fileEncoding = 4; lastKnownFileType = sourcecode.c.h; name = units.h; path = src/units.h; sourceTree = "<group>"; };
		F8B76538148CD320005FE52F /* utils.h */ = {isa = PBXFileReference; fileEncoding = 4; lastKnownFileType = sourcecode.c.h; name = utils.h; path = src/utils.h; sourceTree = "<group>"; };
		F8B76539148CD320005FE52F /* uwatec_aladin.h */ = {isa = PBXFileReference; fileEncoding = 4; lastKnownFileType = sourcecode.c.h; name = uwatec_aladin.h; path = src/uwatec_aladin.h; sourceTree = "<group>"; };
		F8B7653A148CD320005FE52F /* uwatec_memomouse.h */ = {isa = PBXFileReference; fileEncoding = 4; lastKnownFileType = sourcecode.c.h; name = uwatec_memomouse.h; path = src/uwatec_memomouse.h; sourceTree = "<group>"; };
		F8B7653B148CD320005FE52F /* uwatec_smart.h */ = {isa = PBXFileReference; fileEncoding = 4; lastKnownFileType = sourcecode.c.h; name = uwatec_smart.h; path = src/uwatec_smart.h; sourceTree = "<group>"; };
		F8B7653C148CD320005FE52F /* uwatec.h */ = {isa = PBXFileReference; fileEncoding = 4; lastKnownFileType = sourcecode.c.h; name = uwatec.h; path = src/uwatec.h; sourceTree = "<group>"; };
		F8B7653D148CD320005FE52F /* version.h */ = {isa = PBXFileReference; fileEncoding = 4; lastKnownFileType = sourcecode.c.h; name = version.h; path = src/version.h; sourceTree = "<group>"; };
		F8B7653E148CD320005FE52F /* zeagle_n2ition3.h */ = {isa = PBXFileReference; fileEncoding = 4; lastKnownFileType = sourcecode.c.h; name = zeagle_n2ition3.h; path = src/zeagle_n2ition3.h; sourceTree = "<group>"; };
		F8B7653F148CD320005FE52F /* zeagle.h */ = {isa = PBXFileReference; fileEncoding = 4; lastKnownFileType = sourcecode.c.h; name = zeagle.h; path = src/zeagle.h; sourceTree = "<group>"; };
		F8B76571148CD333005FE52F /* array.c */ = {isa = PBXFileReference; fileEncoding = 4; lastKnownFileType = sourcecode.c.c; name = array.c; path = src/array.c; sourceTree = "<group>"; };
		F8B76572148CD333005FE52F /* atomics_cobalt_parser.c */ = {isa = PBXFileReference; fileEncoding = 4; lastKnownFileType = sourcecode.c.c; name = atomics_cobalt_parser.c; path = src/atomics_cobalt_parser.c; sourceTree = "<group>"; };
		F8B76573148CD333005FE52F /* atomics_cobalt.c */ = {isa = PBXFileReference; fileEncoding = 4; lastKnownFileType = sourcecode.c.c; name = atomics_cobalt.c; path = src/atomics_cobalt.c; sourceTree = "<group>"; };
		F8B76574148CD333005FE52F /* buffer.c */ = {isa = PBXFileReference; fileEncoding = 4; lastKnownFileType = sourcecode.c.c; name = buffer.c; path = src/buffer.c; sourceTree = "<group>"; };
		F8B76575148CD333005FE52F /* checksum.c */ = {isa = PBXFileReference; fileEncoding = 4; lastKnownFileType = sourcecode.c.c; name = checksum.c; path = src/checksum.c; sourceTree = "<group>"; };
		F8B76576148CD333005FE52F /* cressi_edy_parser.c */ = {isa = PBXFileReference; fileEncoding = 4; lastKnownFileType = sourcecode.c.c; name = cressi_edy_parser.c; path = src/cressi_edy_parser.c; sourceTree = "<group>"; };
		F8B76577148CD333005FE52F /* cressi_edy.c */ = {isa = PBXFileReference; fileEncoding = 4; lastKnownFileType = sourcecode.c.c; name = cressi_edy.c; path = src/cressi_edy.c; sourceTree = "<group>"; };
		F8B76578148CD333005FE52F /* datetime.c */ = {isa = PBXFileReference; fileEncoding = 4; lastKnownFileType = sourcecode.c.c; name = datetime.c; path = src/datetime.c; sourceTree = "<group>"; };
		F8B76579148CD333005FE52F /* device.c */ = {isa = PBXFileReference; fileEncoding = 4; lastKnownFileType = sourcecode.c.c; name = device.c; path = src/device.c; sourceTree = "<group>"; };
		F8B7657A148CD333005FE52F /* hw_ostc_parser.c */ = {isa = PBXFileReference; fileEncoding = 4; lastKnownFileType = sourcecode.c.c; name = hw_ostc_parser.c; path = src/hw_ostc_parser.c; sourceTree = "<group>"; };
		F8B7657B148CD333005FE52F /* hw_ostc.c */ = {isa = PBXFileReference; fileEncoding = 4; lastKnownFileType = sourcecode.c.c; name = hw_ostc.c; path = src/hw_ostc.c; sourceTree = "<group>"; };
		F8B7657C148CD333005FE52F /* irda_dummy.c */ = {isa = PBXFileReference; fileEncoding = 4; lastKnownFileType = sourcecode.c.c; name = irda_dummy.c; path = src/irda_dummy.c; sourceTree = "<group>"; };
		F8B7657E148CD333005FE52F /* mares_common.c */ = {isa = PBXFileReference; fileEncoding = 4; lastKnownFileType = sourcecode.c.c; name = mares_common.c; path = src/mares_common.c; sourceTree = "<group>"; };
		F8B76581148CD333005FE52F /* mares_iconhd_parser.c */ = {isa = PBXFileReference; fileEncoding = 4; lastKnownFileType = sourcecode.c.c; name = mares_iconhd_parser.c; path = src/mares_iconhd_parser.c; sourceTree = "<group>"; };
		F8B76582148CD333005FE52F /* mares_iconhd.c */ = {isa = PBXFileReference; fileEncoding = 4; lastKnownFileType = sourcecode.c.c; name = mares_iconhd.c; path = src/mares_iconhd.c; sourceTree = "<group>"; };
		F8B76583148CD333005FE52F /* mares_nemo_parser.c */ = {isa = PBXFileReference; fileEncoding = 4; lastKnownFileType = sourcecode.c.c; name = mares_nemo_parser.c; path = src/mares_nemo_parser.c; sourceTree = "<group>"; };
		F8B76584148CD333005FE52F /* mares_nemo.c */ = {isa = PBXFileReference; fileEncoding = 4; lastKnownFileType = sourcecode.c.c; name = mares_nemo.c; path = src/mares_nemo.c; sourceTree = "<group>"; };
		F8B76585148CD333005FE52F /* mares_puck.c */ = {isa = PBXFileReference; fileEncoding = 4; lastKnownFileType = sourcecode.c.c; name = mares_puck.c; path = src/mares_puck.c; sourceTree = "<group>"; };
		F8B76586148CD333005FE52F /* oceanic_atom2_parser.c */ = {isa = PBXFileReference; fileEncoding = 4; lastKnownFileType = sourcecode.c.c; name = oceanic_atom2_parser.c; path = src/oceanic_atom2_parser.c; sourceTree = "<group>"; };
		F8B76587148CD333005FE52F /* oceanic_atom2.c */ = {isa = PBXFileReference; fileEncoding = 4; lastKnownFileType = sourcecode.c.c; name = oceanic_atom2.c; path = src/oceanic_atom2.c; sourceTree = "<group>"; };
		F8B76588148CD333005FE52F /* oceanic_common.c */ = {isa = PBXFileReference; fileEncoding = 4; lastKnownFileType = sourcecode.c.c; name = oceanic_common.c; path = src/oceanic_common.c; sourceTree = "<group>"; };
		F8B76589148CD333005FE52F /* oceanic_veo250_parser.c */ = {isa = PBXFileReference; fileEncoding = 4; lastKnownFileType = sourcecode.c.c; name = oceanic_veo250_parser.c; path = src/oceanic_veo250_parser.c; sourceTree = "<group>"; };
		F8B7658A148CD333005FE52F /* oceanic_veo250.c */ = {isa = PBXFileReference; fileEncoding = 4; lastKnownFileType = sourcecode.c.c; name = oceanic_veo250.c; path = src/oceanic_veo250.c; sourceTree = "<group>"; };
		F8B7658B148CD333005FE52F /* oceanic_vtpro_parser.c */ = {isa = PBXFileReference; fileEncoding = 4; lastKnownFileType = sourcecode.c.c; name = oceanic_vtpro_parser.c; path = src/oceanic_vtpro_parser.c; sourceTree = "<group>"; };
		F8B7658C148CD333005FE52F /* oceanic_vtpro.c */ = {isa = PBXFileReference; fileEncoding = 4; lastKnownFileType = sourcecode.c.c; name = oceanic_vtpro.c; path = src/oceanic_vtpro.c; sourceTree = "<group>"; };
		F8B7658D148CD333005FE52F /* parser.c */ = {isa = PBXFileReference; fileEncoding = 4; lastKnownFileType = sourcecode.c.c; name = parser.c; path = src/parser.c; sourceTree = "<group>"; };
		F8B7658E148CD333005FE52F /* reefnet_sensus_parser.c */ = {isa = PBXFileReference; fileEncoding = 4; lastKnownFileType = sourcecode.c.c; name = reefnet_sensus_parser.c; path = src/reefnet_sensus_parser.c; sourceTree = "<group>"; };
		F8B7658F148CD333005FE52F /* reefnet_sensus.c */ = {isa = PBXFileReference; fileEncoding = 4; lastKnownFileType = sourcecode.c.c; name = reefnet_sensus.c; path = src/reefnet_sensus.c; sourceTree = "<group>"; };
		F8B76590148CD333005FE52F /* reefnet_sensuspro_parser.c */ = {isa = PBXFileReference; fileEncoding = 4; lastKnownFileType = sourcecode.c.c; name = reefnet_sensuspro_parser.c; path = src/reefnet_sensuspro_parser.c; sourceTree = "<group>"; };
		F8B76591148CD333005FE52F /* reefnet_sensuspro.c */ = {isa = PBXFileReference; fileEncoding = 4; lastKnownFileType = sourcecode.c.c; name = reefnet_sensuspro.c; path = src/reefnet_sensuspro.c; sourceTree = "<group>"; };
		F8B76592148CD333005FE52F /* reefnet_sensusultra_parser.c */ = {isa = PBXFileReference; fileEncoding = 4; lastKnownFileType = sourcecode.c.c; name = reefnet_sensusultra_parser.c; path = src/reefnet_sensusultra_parser.c; sourceTree = "<group>"; };
		F8B76593148CD333005FE52F /* reefnet_sensusultra.c */ = {isa = PBXFileReference; fileEncoding = 4; lastKnownFileType = sourcecode.c.c; name = reefnet_sensusultra.c; path = src/reefnet_sensusultra.c; sourceTree = "<group>"; };
		F8B76594148CD333005FE52F /* ringbuffer.c */ = {isa = PBXFileReference; fileEncoding = 4; lastKnownFileType = sourcecode.c.c; name = ringbuffer.c; path = src/ringbuffer.c; sourceTree = "<group>"; };
		F8B76595148CD333005FE52F /* serial_posix.c */ = {isa = PBXFileReference; fileEncoding = 4; lastKnownFileType = sourcecode.c.c; name = serial_posix.c; path = src/serial_posix.c; sourceTree = "<group>"; };
		F8B76597148CD333005FE52F /* suunto_common.c */ = {isa = PBXFileReference; fileEncoding = 4; lastKnownFileType = sourcecode.c.c; name = suunto_common.c; path = src/suunto_common.c; sourceTree = "<group>"; };
		F8B76598148CD333005FE52F /* suunto_common2.c */ = {isa = PBXFileReference; fileEncoding = 4; lastKnownFileType = sourcecode.c.c; name = suunto_common2.c; path = src/suunto_common2.c; sourceTree = "<group>"; };
		F8B76599148CD333005FE52F /* suunto_d9_parser.c */ = {isa = PBXFileReference; fileEncoding = 4; lastKnownFileType = sourcecode.c.c; name = suunto_d9_parser.c; path = src/suunto_d9_parser.c; sourceTree = "<group>"; };
		F8B7659A148CD333005FE52F /* suunto_d9.c */ = {isa = PBXFileReference; fileEncoding = 4; lastKnownFileType = sourcecode.c.c; name = suunto_d9.c; path = src/suunto_d9.c; sourceTree = "<group>"; };
		F8B7659B148CD333005FE52F /* suunto_eon_parser.c */ = {isa = PBXFileReference; fileEncoding = 4; lastKnownFileType = sourcecode.c.c; name = suunto_eon_parser.c; path = src/suunto_eon_parser.c; sourceTree = "<group>"; };
		F8B7659C148CD333005FE52F /* suunto_eon.c */ = {isa = PBXFileReference; fileEncoding = 4; lastKnownFileType = sourcecode.c.c; name = suunto_eon.c; path = src/suunto_eon.c; sourceTree = "<group>"; };
		F8B7659D148CD333005FE52F /* suunto_solution_parser.c */ = {isa = PBXFileReference; fileEncoding = 4; lastKnownFileType = sourcecode.c.c; name = suunto_solution_parser.c; path = src/suunto_solution_parser.c; sourceTree = "<group>"; };
		F8B7659E148CD333005FE52F /* suunto_solution.c */ = {isa = PBXFileReference; fileEncoding = 4; lastKnownFileType = sourcecode.c.c; name = suunto_solution.c; path = src/suunto_solution.c; sourceTree = "<group>"; };
		F8B7659F148CD333005FE52F /* suunto_vyper_parser.c */ = {isa = PBXFileReference; fileEncoding = 4; lastKnownFileType = sourcecode.c.c; name = suunto_vyper_parser.c; path = src/suunto_vyper_parser.c; sourceTree = "<group>"; };
		F8B765A0148CD333005FE52F /* suunto_vyper.c */ = {isa = PBXFileReference; fileEncoding = 4; lastKnownFileType = sourcecode.c.c; name = suunto_vyper.c; path = src/suunto_vyper.c; sourceTree = "<group>"; };
		F8B765A1148CD333005FE52F /* suunto_vyper2.c */ = {isa = PBXFileReference; fileEncoding = 4; lastKnownFileType = sourcecode.c.c; name = suunto_vyper2.c; path = src/suunto_vyper2.c; sourceTree = "<group>"; };
		F8B765A2148CD333005FE52F /* utils.c */ = {isa = PBXFileReference; fileEncoding = 4; lastKnownFileType = sourcecode.c.c; name = utils.c; path = src/utils.c; sourceTree = "<group>"; };
		F8B765A3148CD333005FE52F /* uwatec_aladin.c */ = {isa = PBXFileReference; fileEncoding = 4; lastKnownFileType = sourcecode.c.c; name = uwatec_aladin.c; path = src/uwatec_aladin.c; sourceTree = "<group>"; };
		F8B765A4148CD333005FE52F /* uwatec_memomouse_parser.c */ = {isa = PBXFileReference; fileEncoding = 4; lastKnownFileType = sourcecode.c.c; name = uwatec_memomouse_parser.c; path = src/uwatec_memomouse_parser.c; sourceTree = "<group>"; };
		F8B765A5148CD333005FE52F /* uwatec_memomouse.c */ = {isa = PBXFileReference; fileEncoding = 4; lastKnownFileType = sourcecode.c.c; name = uwatec_memomouse.c; path = src/uwatec_memomouse.c; sourceTree = "<group>"; };
		F8B765A6148CD333005FE52F /* uwatec_smart_parser.c */ = {isa = PBXFileReference; fileEncoding = 4; lastKnownFileType = sourcecode.c.c; name = uwatec_smart_parser.c; path = src/uwatec_smart_parser.c; sourceTree = "<group>"; };
		F8B765A7148CD333005FE52F /* uwatec_smart.c */ = {isa = PBXFileReference; fileEncoding = 4; lastKnownFileType = sourcecode.c.c; name = uwatec_smart.c; path = src/uwatec_smart.c; sourceTree = "<group>"; };
		F8B765A8148CD333005FE52F /* version.c */ = {isa = PBXFileReference; fileEncoding = 4; lastKnownFileType = sourcecode.c.c; name = version.c; path = src/version.c; sourceTree = "<group>"; };
		F8B765A9148CD333005FE52F /* zeagle_n2ition3.c */ = {isa = PBXFileReference; fileEncoding = 4; lastKnownFileType = sourcecode.c.c; name = zeagle_n2ition3.c; path = src/zeagle_n2ition3.c; sourceTree = "<group>"; };
/* End PBXFileReference section */

/* Begin PBXFrameworksBuildPhase section */
		D289988505E68E00004EDB86 /* Frameworks */ = {
			isa = PBXFrameworksBuildPhase;
			buildActionMask = 2147483647;
			files = (
			);
			runOnlyForDeploymentPostprocessing = 0;
		};
/* End PBXFrameworksBuildPhase section */

/* Begin PBXGroup section */
		08FB7794FE84155DC02AAC07 /* libdivecomputer */ = {
			isa = PBXGroup;
			children = (
				F849AF7812D53D5300A7FA84 /* Header */,
				08FB7795FE84155DC02AAC07 /* Source */,
				1AB674ADFE9D54B511CA2CBB /* Products */,
			);
			name = libdivecomputer;
			sourceTree = "<group>";
		};
		08FB7795FE84155DC02AAC07 /* Source */ = {
			isa = PBXGroup;
			children = (
				F8B76571148CD333005FE52F /* array.c */,
				F8B76572148CD333005FE52F /* atomics_cobalt_parser.c */,
				F8B76573148CD333005FE52F /* atomics_cobalt.c */,
				F8B76574148CD333005FE52F /* buffer.c */,
				F8B76575148CD333005FE52F /* checksum.c */,
				F8B76576148CD333005FE52F /* cressi_edy_parser.c */,
				F8B76577148CD333005FE52F /* cressi_edy.c */,
				F8B76578148CD333005FE52F /* datetime.c */,
				F8B76579148CD333005FE52F /* device.c */,
				F8B7657A148CD333005FE52F /* hw_ostc_parser.c */,
				F8B7657B148CD333005FE52F /* hw_ostc.c */,
				F8B7657C148CD333005FE52F /* irda_dummy.c */,
				F8B7657E148CD333005FE52F /* mares_common.c */,
				F89C02AE14B254BC00A365B5 /* mares_darwin_parser.c */,
				F89C02AF14B254BC00A365B5 /* mares_darwin.c */,
				F8B76581148CD333005FE52F /* mares_iconhd_parser.c */,
				F8B76582148CD333005FE52F /* mares_iconhd.c */,
				F8B76583148CD333005FE52F /* mares_nemo_parser.c */,
				F8B76584148CD333005FE52F /* mares_nemo.c */,
				F8B76585148CD333005FE52F /* mares_puck.c */,
				F8B76586148CD333005FE52F /* oceanic_atom2_parser.c */,
				F8B76587148CD333005FE52F /* oceanic_atom2.c */,
				F8B76588148CD333005FE52F /* oceanic_common.c */,
				F8B76589148CD333005FE52F /* oceanic_veo250_parser.c */,
				F8B7658A148CD333005FE52F /* oceanic_veo250.c */,
				F8B7658B148CD333005FE52F /* oceanic_vtpro_parser.c */,
				F8B7658C148CD333005FE52F /* oceanic_vtpro.c */,
				F8B7658D148CD333005FE52F /* parser.c */,
				F8B7658E148CD333005FE52F /* reefnet_sensus_parser.c */,
				F8B7658F148CD333005FE52F /* reefnet_sensus.c */,
				F8B76590148CD333005FE52F /* reefnet_sensuspro_parser.c */,
				F8B76591148CD333005FE52F /* reefnet_sensuspro.c */,
				F8B76592148CD333005FE52F /* reefnet_sensusultra_parser.c */,
				F8B76593148CD333005FE52F /* reefnet_sensusultra.c */,
				F8B76594148CD333005FE52F /* ringbuffer.c */,
				F8B76595148CD333005FE52F /* serial_posix.c */,
				F8B76597148CD333005FE52F /* suunto_common.c */,
				F8B76598148CD333005FE52F /* suunto_common2.c */,
				F8B76599148CD333005FE52F /* suunto_d9_parser.c */,
				F8B7659A148CD333005FE52F /* suunto_d9.c */,
				F8B7659B148CD333005FE52F /* suunto_eon_parser.c */,
				F8B7659C148CD333005FE52F /* suunto_eon.c */,
				F8B7659D148CD333005FE52F /* suunto_solution_parser.c */,
				F8B7659E148CD333005FE52F /* suunto_solution.c */,
				F8B7659F148CD333005FE52F /* suunto_vyper_parser.c */,
				F8B765A0148CD333005FE52F /* suunto_vyper.c */,
				F8B765A1148CD333005FE52F /* suunto_vyper2.c */,
				F8B765A2148CD333005FE52F /* utils.c */,
				F8B765A3148CD333005FE52F /* uwatec_aladin.c */,
				F8B765A4148CD333005FE52F /* uwatec_memomouse_parser.c */,
				F8B765A5148CD333005FE52F /* uwatec_memomouse.c */,
				F8B765A6148CD333005FE52F /* uwatec_smart_parser.c */,
				F8B765A7148CD333005FE52F /* uwatec_smart.c */,
				F8B765A8148CD333005FE52F /* version.c */,
				F8B765A9148CD333005FE52F /* zeagle_n2ition3.c */,
			);
			name = Source;
			sourceTree = "<group>";
		};
		1AB674ADFE9D54B511CA2CBB /* Products */ = {
			isa = PBXGroup;
			children = (
				D2AAC0630554660B00DB518D /* liblibdivecomputer.dylib */,
			);
			name = Products;
			sourceTree = "<group>";
		};
		F849AF7812D53D5300A7FA84 /* Header */ = {
			isa = PBXGroup;
			children = (
				F8B7650F148CD320005FE52F /* array.h */,
				F8B76510148CD320005FE52F /* atomics_cobalt.h */,
				F8B76511148CD320005FE52F /* atomics.h */,
				F8B76512148CD320005FE52F /* buffer.h */,
				F8B76513148CD320005FE52F /* checksum.h */,
				F8B76514148CD320005FE52F /* cressi_edy.h */,
				F8B76515148CD320005FE52F /* cressi.h */,
				F8B76516148CD320005FE52F /* datetime.h */,
				F8B76517148CD320005FE52F /* device-private.h */,
				F8B76518148CD320005FE52F /* device.h */,
				F8B76519148CD320005FE52F /* hw_ostc.h */,
				F8B7651A148CD320005FE52F /* hw.h */,
				F8B7651B148CD320005FE52F /* irda.h */,
				F8B7651C148CD320005FE52F /* mares_common.h */,
				F89C02AC14B254A100A365B5 /* mares_darwin.h */,
				F8B7651E148CD320005FE52F /* mares_iconhd.h */,
				F8B7651F148CD320005FE52F /* mares_nemo.h */,
				F8B76520148CD320005FE52F /* mares_puck.h */,
				F8B76521148CD320005FE52F /* mares.h */,
				F8B76522148CD320005FE52F /* oceanic_atom2.h */,
				F8B76523148CD320005FE52F /* oceanic_common.h */,
				F8B76524148CD320005FE52F /* oceanic_veo250.h */,
				F8B76525148CD320005FE52F /* oceanic_vtpro.h */,
				F8B76526148CD320005FE52F /* oceanic.h */,
				F8B76527148CD320005FE52F /* parser-private.h */,
				F8B76528148CD320005FE52F /* parser.h */,
				F8B76529148CD320005FE52F /* reefnet_sensus.h */,
				F8B7652A148CD320005FE52F /* reefnet_sensuspro.h */,
				F8B7652B148CD320005FE52F /* reefnet_sensusultra.h */,
				F8B7652C148CD320005FE52F /* reefnet.h */,
				F8B7652D148CD320005FE52F /* ringbuffer.h */,
				F8B7652E148CD320005FE52F /* serial.h */,
				F8B7652F148CD320005FE52F /* suunto_common.h */,
				F8B76530148CD320005FE52F /* suunto_common2.h */,
				F8B76531148CD320005FE52F /* suunto_d9.h */,
				F8B76532148CD320005FE52F /* suunto_eon.h */,
				F8B76533148CD320005FE52F /* suunto_solution.h */,
				F8B76534148CD320005FE52F /* suunto_vyper.h */,
				F8B76535148CD320005FE52F /* suunto_vyper2.h */,
				F8B76536148CD320005FE52F /* suunto.h */,
				F8B76537148CD320005FE52F /* units.h */,
				F8B76538148CD320005FE52F /* utils.h */,
				F8B76539148CD320005FE52F /* uwatec_aladin.h */,
				F8B7653A148CD320005FE52F /* uwatec_memomouse.h */,
				F8B7653B148CD320005FE52F /* uwatec_smart.h */,
				F8B7653C148CD320005FE52F /* uwatec.h */,
				F8B7653D148CD320005FE52F /* version.h */,
				F8B7653E148CD320005FE52F /* zeagle_n2ition3.h */,
				F8B7653F148CD320005FE52F /* zeagle.h */,
			);
			name = Header;
			sourceTree = "<group>";
		};
/* End PBXGroup section */

/* Begin PBXHeadersBuildPhase section */
		D2AAC0600554660B00DB518D /* Headers */ = {
			isa = PBXHeadersBuildPhase;
			buildActionMask = 2147483647;
			files = (
				F8B76540148CD320005FE52F /* array.h in Headers */,
				F8B76541148CD320005FE52F /* atomics_cobalt.h in Headers */,
				F8B76542148CD320005FE52F /* atomics.h in Headers */,
				F8B76543148CD320005FE52F /* buffer.h in Headers */,
				F8B76544148CD320005FE52F /* checksum.h in Headers */,
				F8B76545148CD320005FE52F /* cressi_edy.h in Headers */,
				F8B76546148CD320005FE52F /* cressi.h in Headers */,
				F8B76547148CD320005FE52F /* datetime.h in Headers */,
				F8B76548148CD320005FE52F /* device-private.h in Headers */,
				F8B76549148CD320005FE52F /* device.h in Headers */,
				F8B7654A148CD320005FE52F /* hw_ostc.h in Headers */,
				F8B7654B148CD320005FE52F /* hw.h in Headers */,
				F8B7654C148CD320005FE52F /* irda.h in Headers */,
				F8B7654D148CD320005FE52F /* mares_common.h in Headers */,
				F8B7654F148CD320005FE52F /* mares_iconhd.h in Headers */,
				F8B76550148CD320005FE52F /* mares_nemo.h in Headers */,
				F8B76551148CD320005FE52F /* mares_puck.h in Headers */,
				F8B76552148CD320005FE52F /* mares.h in Headers */,
				F8B76553148CD320005FE52F /* oceanic_atom2.h in Headers */,
				F8B76554148CD320005FE52F /* oceanic_common.h in Headers */,
				F8B76555148CD320005FE52F /* oceanic_veo250.h in Headers */,
				F8B76556148CD320005FE52F /* oceanic_vtpro.h in Headers */,
				F8B76557148CD320005FE52F /* oceanic.h in Headers */,
				F8B76558148CD320005FE52F /* parser-private.h in Headers */,
				F8B76559148CD320005FE52F /* parser.h in Headers */,
				F8B7655A148CD320005FE52F /* reefnet_sensus.h in Headers */,
				F8B7655B148CD320005FE52F /* reefnet_sensuspro.h in Headers */,
				F8B7655C148CD320005FE52F /* reefnet_sensusultra.h in Headers */,
				F8B7655D148CD320005FE52F /* reefnet.h in Headers */,
				F8B7655E148CD320005FE52F /* ringbuffer.h in Headers */,
				F8B7655F148CD320005FE52F /* serial.h in Headers */,
				F8B76560148CD320005FE52F /* suunto_common.h in Headers */,
				F8B76561148CD320005FE52F /* suunto_common2.h in Headers */,
				F8B76562148CD320005FE52F /* suunto_d9.h in Headers */,
				F8B76563148CD320005FE52F /* suunto_eon.h in Headers */,
				F8B76564148CD320005FE52F /* suunto_solution.h in Headers */,
				F8B76565148CD320005FE52F /* suunto_vyper.h in Headers */,
				F8B76566148CD320005FE52F /* suunto_vyper2.h in Headers */,
				F8B76567148CD320005FE52F /* suunto.h in Headers */,
				F8B76568148CD320005FE52F /* units.h in Headers */,
				F8B76569148CD320005FE52F /* utils.h in Headers */,
				F8B7656A148CD320005FE52F /* uwatec_aladin.h in Headers */,
				F8B7656B148CD320005FE52F /* uwatec_memomouse.h in Headers */,
				F8B7656C148CD320005FE52F /* uwatec_smart.h in Headers */,
				F8B7656D148CD320005FE52F /* uwatec.h in Headers */,
				F8B7656E148CD320005FE52F /* version.h in Headers */,
				F8B7656F148CD320005FE52F /* zeagle_n2ition3.h in Headers */,
				F8B76570148CD320005FE52F /* zeagle.h in Headers */,
				F89C02AD14B254A100A365B5 /* mares_darwin.h in Headers */,
			);
			runOnlyForDeploymentPostprocessing = 0;
		};
/* End PBXHeadersBuildPhase section */

/* Begin PBXNativeTarget section */
		D2AAC0620554660B00DB518D /* libdivecomputer */ = {
			isa = PBXNativeTarget;
			buildConfigurationList = 1DEB914A08733D8E0010E9CD /* Build configuration list for PBXNativeTarget "libdivecomputer" */;
			buildPhases = (
				D2AAC0600554660B00DB518D /* Headers */,
				D2AAC0610554660B00DB518D /* Sources */,
				D289988505E68E00004EDB86 /* Frameworks */,
			);
			buildRules = (
			);
			dependencies = (
			);
			name = libdivecomputer;
			productName = libdivecomputer;
			productReference = D2AAC0630554660B00DB518D /* liblibdivecomputer.dylib */;
			productType = "com.apple.product-type.library.dynamic";
		};
/* End PBXNativeTarget section */

/* Begin PBXProject section */
		08FB7793FE84155DC02AAC07 /* Project object */ = {
			isa = PBXProject;
			attributes = {
				LastUpgradeCheck = 0410;
			};
			buildConfigurationList = 1DEB914E08733D8E0010E9CD /* Build configuration list for PBXProject "libdivecomputer" */;
			compatibilityVersion = "Xcode 3.2";
			developmentRegion = English;
			hasScannedForEncodings = 1;
			knownRegions = (
				English,
				Japanese,
				French,
				German,
			);
			mainGroup = 08FB7794FE84155DC02AAC07 /* libdivecomputer */;
			projectDirPath = "";
			projectRoot = "";
			targets = (
				D2AAC0620554660B00DB518D /* libdivecomputer */,
			);
		};
/* End PBXProject section */

/* Begin PBXSourcesBuildPhase section */
		D2AAC0610554660B00DB518D /* Sources */ = {
			isa = PBXSourcesBuildPhase;
			buildActionMask = 2147483647;
			files = (
				F8B765AA148CD333005FE52F /* array.c in Sources */,
				F8B765AB148CD333005FE52F /* atomics_cobalt_parser.c in Sources */,
				F8B765AC148CD333005FE52F /* atomics_cobalt.c in Sources */,
				F8B765AD148CD333005FE52F /* buffer.c in Sources */,
				F8B765AE148CD333005FE52F /* checksum.c in Sources */,
				F8B765AF148CD333005FE52F /* cressi_edy_parser.c in Sources */,
				F8B765B0148CD333005FE52F /* cressi_edy.c in Sources */,
				F8B765B1148CD333005FE52F /* datetime.c in Sources */,
				F8B765B2148CD333005FE52F /* device.c in Sources */,
				F8B765B3148CD333005FE52F /* hw_ostc_parser.c in Sources */,
				F8B765B4148CD333005FE52F /* hw_ostc.c in Sources */,
				F8B765B5148CD333005FE52F /* irda_dummy.c in Sources */,
				F8B765B7148CD333005FE52F /* mares_common.c in Sources */,
				F8B765BA148CD333005FE52F /* mares_iconhd_parser.c in Sources */,
				F8B765BB148CD333005FE52F /* mares_iconhd.c in Sources */,
				F8B765BC148CD333005FE52F /* mares_nemo_parser.c in Sources */,
				F8B765BD148CD333005FE52F /* mares_nemo.c in Sources */,
				F8B765BE148CD333005FE52F /* mares_puck.c in Sources */,
				F8B765BF148CD333005FE52F /* oceanic_atom2_parser.c in Sources */,
				F8B765C0148CD333005FE52F /* oceanic_atom2.c in Sources */,
				F8B765C1148CD333005FE52F /* oceanic_common.c in Sources */,
				F8B765C2148CD333005FE52F /* oceanic_veo250_parser.c in Sources */,
				F8B765C3148CD333005FE52F /* oceanic_veo250.c in Sources */,
				F8B765C4148CD333005FE52F /* oceanic_vtpro_parser.c in Sources */,
				F8B765C5148CD333005FE52F /* oceanic_vtpro.c in Sources */,
				F8B765C6148CD333005FE52F /* parser.c in Sources */,
				F8B765C7148CD333005FE52F /* reefnet_sensus_parser.c in Sources */,
				F8B765C8148CD333005FE52F /* reefnet_sensus.c in Sources */,
				F8B765C9148CD333005FE52F /* reefnet_sensuspro_parser.c in Sources */,
				F8B765CA148CD333005FE52F /* reefnet_sensuspro.c in Sources */,
				F8B765CB148CD333005FE52F /* reefnet_sensusultra_parser.c in Sources */,
				F8B765CC148CD333005FE52F /* reefnet_sensusultra.c in Sources */,
				F8B765CD148CD333005FE52F /* ringbuffer.c in Sources */,
				F8B765CE148CD333005FE52F /* serial_posix.c in Sources */,
				F8B765D0148CD333005FE52F /* suunto_common.c in Sources */,
				F8B765D1148CD333005FE52F /* suunto_common2.c in Sources */,
				F8B765D2148CD333005FE52F /* suunto_d9_parser.c in Sources */,
				F8B765D3148CD333005FE52F /* suunto_d9.c in Sources */,
				F8B765D4148CD333005FE52F /* suunto_eon_parser.c in Sources */,
				F8B765D5148CD333005FE52F /* suunto_eon.c in Sources */,
				F8B765D6148CD333005FE52F /* suunto_solution_parser.c in Sources */,
				F8B765D7148CD333005FE52F /* suunto_solution.c in Sources */,
				F8B765D8148CD333005FE52F /* suunto_vyper_parser.c in Sources */,
				F8B765D9148CD333005FE52F /* suunto_vyper.c in Sources */,
				F8B765DA148CD333005FE52F /* suunto_vyper2.c in Sources */,
				F8B765DB148CD333005FE52F /* utils.c in Sources */,
				F8B765DC148CD333005FE52F /* uwatec_aladin.c in Sources */,
				F8B765DD148CD333005FE52F /* uwatec_memomouse_parser.c in Sources */,
				F8B765DE148CD333005FE52F /* uwatec_memomouse.c in Sources */,
				F8B765DF148CD333005FE52F /* uwatec_smart_parser.c in Sources */,
				F8B765E0148CD333005FE52F /* uwatec_smart.c in Sources */,
				F8B765E1148CD333005FE52F /* version.c in Sources */,
				F8B765E2148CD333005FE52F /* zeagle_n2ition3.c in Sources */,
				F89C02B014B254BC00A365B5 /* mares_darwin_parser.c in Sources */,
				F89C02B114B254BC00A365B5 /* mares_darwin.c in Sources */,
			);
			runOnlyForDeploymentPostprocessing = 0;
		};
/* End PBXSourcesBuildPhase section */

/* Begin XCBuildConfiguration section */
		1DEB914B08733D8E0010E9CD /* Debug */ = {
			isa = XCBuildConfiguration;
			buildSettings = {
				ALWAYS_SEARCH_USER_PATHS = NO;
				COPY_PHASE_STRIP = NO;
				EXECUTABLE_PREFIX = lib;
				GCC_DYNAMIC_NO_PIC = NO;
				GCC_ENABLE_FIX_AND_CONTINUE = YES;
				GCC_MODEL_TUNING = G5;
				GCC_OPTIMIZATION_LEVEL = 0;
				INSTALL_PATH = /usr/local/lib;
				PRODUCT_NAME = libdivecomputer;
			};
			name = Debug;
		};
		1DEB914C08733D8E0010E9CD /* Release */ = {
			isa = XCBuildConfiguration;
			buildSettings = {
				ALWAYS_SEARCH_USER_PATHS = NO;
				DEBUG_INFORMATION_FORMAT = "dwarf-with-dsym";
				EXECUTABLE_PREFIX = lib;
				GCC_MODEL_TUNING = G5;
				INSTALL_PATH = /usr/local/lib;
				PRODUCT_NAME = libdivecomputer;
			};
			name = Release;
		};
		1DEB914F08733D8E0010E9CD /* Debug */ = {
			isa = XCBuildConfiguration;
			buildSettings = {
				ARCHS = "$(ARCHS_STANDARD_32_64_BIT)";
				GCC_C_LANGUAGE_STANDARD = gnu99;
				GCC_OPTIMIZATION_LEVEL = 0;
				GCC_WARN_ABOUT_RETURN_TYPE = YES;
				GCC_WARN_UNUSED_VARIABLE = YES;
				ONLY_ACTIVE_ARCH = NO;
				PREBINDING = NO;
				SDKROOT = macosx;
			};
			name = Debug;
		};
		1DEB915008733D8E0010E9CD /* Release */ = {
			isa = XCBuildConfiguration;
			buildSettings = {
				ARCHS = "$(ARCHS_STANDARD_32_64_BIT)";
				GCC_C_LANGUAGE_STANDARD = gnu99;
				GCC_WARN_ABOUT_RETURN_TYPE = YES;
				GCC_WARN_UNUSED_VARIABLE = YES;
				PREBINDING = NO;
				SDKROOT = macosx;
			};
			name = Release;
		};
/* End XCBuildConfiguration section */

/* Begin XCConfigurationList section */
		1DEB914A08733D8E0010E9CD /* Build configuration list for PBXNativeTarget "libdivecomputer" */ = {
			isa = XCConfigurationList;
			buildConfigurations = (
				1DEB914B08733D8E0010E9CD /* Debug */,
				1DEB914C08733D8E0010E9CD /* Release */,
			);
			defaultConfigurationIsVisible = 0;
			defaultConfigurationName = Release;
		};
		1DEB914E08733D8E0010E9CD /* Build configuration list for PBXProject "libdivecomputer" */ = {
			isa = XCConfigurationList;
			buildConfigurations = (
				1DEB914F08733D8E0010E9CD /* Debug */,
				1DEB915008733D8E0010E9CD /* Release */,
			);
			defaultConfigurationIsVisible = 0;
			defaultConfigurationName = Release;
		};
/* End XCConfigurationList section */
	};
	rootObject = 08FB7793FE84155DC02AAC07 /* Project object */;
}
