<?xml version="1.0" encoding="utf-8"?>
<Project ToolsVersion="4.0" xmlns="http://schemas.microsoft.com/developer/msbuild/2003">
  <ItemGroup>
    <Filter Include="Source Files">
      <UniqueIdentifier>{4FC737F1-C7A5-4376-A066-2A32D752A2FF}</UniqueIdentifier>
      <Extensions>cpp;c;cc;cxx;def;odl;idl;hpj;bat;asm;asmx</Extensions>
    </Filter>
    <Filter Include="Header Files">
      <UniqueIdentifier>{93995380-89BD-4b04-88EB-625FBE52EBFB}</UniqueIdentifier>
      <Extensions>h;hpp;hxx;hm;inl;inc;xsd</Extensions>
    </Filter>
    <Filter Include="Resource Files">
      <UniqueIdentifier>{67DA6AB6-F800-4c08-8B7A-83BB121AAD01}</UniqueIdentifier>
      <Extensions>rc;ico;cur;bmp;dlg;rc2;rct;bin;rgs;gif;jpg;jpeg;jpe;resx;tiff;tif;png;wav;mfcribbon-ms</Extensions>
    </Filter>
  </ItemGroup>
  <ItemGroup>
    <None Include="ReadMe.txt" />
    <None Include="res\libdivecomputer.rc2">
      <Filter>Resource Files</Filter>
    </None>
    <None Include="src\libdivecomputer.def">
      <Filter>Source Files</Filter>
    </None>
  </ItemGroup>
  <ItemGroup>
    <ClInclude Include="stdafx.h">
      <Filter>Header Files</Filter>
    </ClInclude>
    <ClInclude Include="targetver.h">
      <Filter>Header Files</Filter>
    </ClInclude>
    <ClInclude Include="Resource.h">
      <Filter>Header Files</Filter>
    </ClInclude>
    <ClInclude Include="src\array.h">
      <Filter>Header Files</Filter>
    </ClInclude>
    <ClInclude Include="src\buffer.h">
      <Filter>Header Files</Filter>
    </ClInclude>
    <ClInclude Include="src\checksum.h">
      <Filter>Header Files</Filter>
    </ClInclude>
    <ClInclude Include="src\cressi.h">
      <Filter>Header Files</Filter>
    </ClInclude>
    <ClInclude Include="src\cressi_edy.h">
      <Filter>Header Files</Filter>
    </ClInclude>
    <ClInclude Include="src\datetime.h">
      <Filter>Header Files</Filter>
    </ClInclude>
    <ClInclude Include="src\device-private.h">
      <Filter>Header Files</Filter>
    </ClInclude>
    <ClInclude Include="src\hw.h">
      <Filter>Header Files</Filter>
    </ClInclude>
    <ClInclude Include="src\hw_ostc.h">
      <Filter>Header Files</Filter>
    </ClInclude>
    <ClInclude Include="src\mares.h">
      <Filter>Header Files</Filter>
    </ClInclude>
    <ClInclude Include="src\mares_common.h">
      <Filter>Header Files</Filter>
    </ClInclude>
    <ClInclude Include="src\mares_nemo.h">
      <Filter>Header Files</Filter>
    </ClInclude>
    <ClInclude Include="src\mares_puck.h">
      <Filter>Header Files</Filter>
    </ClInclude>
    <ClInclude Include="src\oceanic.h">
      <Filter>Header Files</Filter>
    </ClInclude>
    <ClInclude Include="src\oceanic_atom2.h">
      <Filter>Header Files</Filter>
    </ClInclude>
    <ClInclude Include="src\oceanic_common.h">
      <Filter>Header Files</Filter>
    </ClInclude>
    <ClInclude Include="src\oceanic_veo250.h">
      <Filter>Header Files</Filter>
    </ClInclude>
    <ClInclude Include="src\oceanic_vtpro.h">
      <Filter>Header Files</Filter>
    </ClInclude>
    <ClInclude Include="src\parser.h">
      <Filter>Header Files</Filter>
    </ClInclude>
    <ClInclude Include="src\parser-private.h">
      <Filter>Header Files</Filter>
    </ClInclude>
    <ClInclude Include="src\reefnet.h">
      <Filter>Header Files</Filter>
    </ClInclude>
    <ClInclude Include="src\reefnet_sensus.h">
      <Filter>Header Files</Filter>
    </ClInclude>
    <ClInclude Include="src\reefnet_sensuspro.h">
      <Filter>Header Files</Filter>
    </ClInclude>
    <ClInclude Include="src\reefnet_sensusultra.h">
      <Filter>Header Files</Filter>
    </ClInclude>
    <ClInclude Include="src\ringbuffer.h">
      <Filter>Header Files</Filter>
    </ClInclude>
    <ClInclude Include="src\serial.h">
      <Filter>Header Files</Filter>
    </ClInclude>
    <ClInclude Include="src\suunto.h">
      <Filter>Header Files</Filter>
    </ClInclude>
    <ClInclude Include="src\suunto_common2.h">
      <Filter>Header Files</Filter>
    </ClInclude>
    <ClInclude Include="src\suunto_common.h">
      <Filter>Header Files</Filter>
    </ClInclude>
    <ClInclude Include="src\suunto_d9.h">
      <Filter>Header Files</Filter>
    </ClInclude>
    <ClInclude Include="src\suunto_eon.h">
      <Filter>Header Files</Filter>
    </ClInclude>
    <ClInclude Include="src\suunto_solution.h">
      <Filter>Header Files</Filter>
    </ClInclude>
    <ClInclude Include="src\suunto_vyper2.h">
      <Filter>Header Files</Filter>
    </ClInclude>
    <ClInclude Include="src\suunto_vyper.h">
      <Filter>Header Files</Filter>
    </ClInclude>
    <ClInclude Include="src\units.h">
      <Filter>Header Files</Filter>
    </ClInclude>
    <ClInclude Include="src\utils.h">
      <Filter>Header Files</Filter>
    </ClInclude>
    <ClInclude Include="src\uwatec.h">
      <Filter>Header Files</Filter>
    </ClInclude>
    <ClInclude Include="src\uwatec_aladin.h">
      <Filter>Header Files</Filter>
    </ClInclude>
    <ClInclude Include="src\uwatec_memomouse.h">
      <Filter>Header Files</Filter>
    </ClInclude>
    <ClInclude Include="src\uwatec_smart.h">
      <Filter>Header Files</Filter>
    </ClInclude>
    <ClInclude Include="src\version.h">
      <Filter>Header Files</Filter>
    </ClInclude>
    <ClInclude Include="src\irda.h">
      <Filter>Header Files</Filter>
    </ClInclude>
    <ClInclude Include="src\deviceL.h">
      <Filter>Header Files</Filter>
    </ClInclude>
  </ItemGroup>
  <ItemGroup>
    <ResourceCompile Include="src\libdivecomputer.rc">
      <Filter>Resource Files</Filter>
    </ResourceCompile>
  </ItemGroup>
  <ItemGroup>
    <ClCompile Include="src\version.c">
      <Filter>Source Files</Filter>
    </ClCompile>
    <ClCompile Include="src\array.c">
      <Filter>Source Files</Filter>
    </ClCompile>
    <ClCompile Include="src\buffer.c">
      <Filter>Source Files</Filter>
    </ClCompile>
    <ClCompile Include="src\checksum.c">
      <Filter>Source Files</Filter>
    </ClCompile>
    <ClCompile Include="src\cressi_edy.c">
      <Filter>Source Files</Filter>
    </ClCompile>
    <ClCompile Include="src\cressi_edy_parser.c">
      <Filter>Source Files</Filter>
    </ClCompile>
    <ClCompile Include="src\datetime.c">
      <Filter>Source Files</Filter>
    </ClCompile>
    <ClCompile Include="src\deviceL.c">
      <Filter>Source Files</Filter>
    </ClCompile>
    <ClCompile Include="src\hw_ostc.c">
      <Filter>Source Files</Filter>
    </ClCompile>
    <ClCompile Include="src\hw_ostc_parser.c">
      <Filter>Source Files</Filter>
    </ClCompile>
    <ClCompile Include="src\irda_dummy.c">
      <Filter>Source Files</Filter>
    </ClCompile>
    <ClCompile Include="src\mares_common.c">
      <Filter>Source Files</Filter>
    </ClCompile>
    <ClCompile Include="src\mares_nemo.c">
      <Filter>Source Files</Filter>
    </ClCompile>
    <ClCompile Include="src\mares_nemo_parser.c">
      <Filter>Source Files</Filter>
    </ClCompile>
    <ClCompile Include="src\mares_puck.c">
      <Filter>Source Files</Filter>
    </ClCompile>
    <ClCompile Include="src\oceanic_atom2.c">
      <Filter>Source Files</Filter>
    </ClCompile>
    <ClCompile Include="src\oceanic_atom2_parser.c">
      <Filter>Source Files</Filter>
    </ClCompile>
    <ClCompile Include="src\oceanic_common.c">
      <Filter>Source Files</Filter>
    </ClCompile>
    <ClCompile Include="src\oceanic_veo250.c">
      <Filter>Source Files</Filter>
    </ClCompile>
    <ClCompile Include="src\oceanic_veo250_parser.c">
      <Filter>Source Files</Filter>
    </ClCompile>
    <ClCompile Include="src\oceanic_vtpro.c">
      <Filter>Source Files</Filter>
    </ClCompile>
    <ClCompile Include="src\oceanic_vtpro_parser.c">
      <Filter>Source Files</Filter>
    </ClCompile>
    <ClCompile Include="src\parser.c">
      <Filter>Source Files</Filter>
    </ClCompile>
    <ClCompile Include="src\reefnet_sensus.c">
      <Filter>Source Files</Filter>
    </ClCompile>
    <ClCompile Include="src\reefnet_sensus_parser.c">
      <Filter>Source Files</Filter>
    </ClCompile>
    <ClCompile Include="src\reefnet_sensuspro.c">
      <Filter>Source Files</Filter>
    </ClCompile>
    <ClCompile Include="src\reefnet_sensuspro_parser.c">
      <Filter>Source Files</Filter>
    </ClCompile>
    <ClCompile Include="src\reefnet_sensusultra.c">
      <Filter>Source Files</Filter>
    </ClCompile>
    <ClCompile Include="src\reefnet_sensusultra_parser.c">
      <Filter>Source Files</Filter>
    </ClCompile>
    <ClCompile Include="src\ringbuffer.c">
      <Filter>Source Files</Filter>
    </ClCompile>
    <ClCompile Include="src\serial_posix.c">
      <Filter>Source Files</Filter>
    </ClCompile>
    <ClCompile Include="src\serial_win32.c">
      <Filter>Source Files</Filter>
    </ClCompile>
    <ClCompile Include="src\suunto_common2.c">
      <Filter>Source Files</Filter>
    </ClCompile>
    <ClCompile Include="src\suunto_common.c">
      <Filter>Source Files</Filter>
    </ClCompile>
    <ClCompile Include="src\suunto_d9.c">
      <Filter>Source Files</Filter>
    </ClCompile>
    <ClCompile Include="src\suunto_d9_parser.c">
      <Filter>Source Files</Filter>
    </ClCompile>
    <ClCompile Include="src\suunto_eon.c">
      <Filter>Source Files</Filter>
    </ClCompile>
    <ClCompile Include="src\suunto_eon_parser.c">
      <Filter>Source Files</Filter>
    </ClCompile>
    <ClCompile Include="src\suunto_solution.c">
      <Filter>Source Files</Filter>
    </ClCompile>
    <ClCompile Include="src\suunto_solution_parser.c">
      <Filter>Source Files</Filter>
    </ClCompile>
    <ClCompile Include="src\suunto_vyper2.c">
      <Filter>Source Files</Filter>
    </ClCompile>
    <ClCompile Include="src\suunto_vyper.c">
      <Filter>Source Files</Filter>
    </ClCompile>
    <ClCompile Include="src\suunto_vyper_parser.c">
      <Filter>Source Files</Filter>
    </ClCompile>
    <ClCompile Include="src\utils.c">
      <Filter>Source Files</Filter>
    </ClCompile>
    <ClCompile Include="src\uwatec_aladin.c">
      <Filter>Source Files</Filter>
    </ClCompile>
    <ClCompile Include="src\uwatec_memomouse.c">
      <Filter>Source Files</Filter>
    </ClCompile>
    <ClCompile Include="src\uwatec_memomouse_parser.c">
      <Filter>Source Files</Filter>
    </ClCompile>
    <ClCompile Include="src\uwatec_smart.c">
      <Filter>Source Files</Filter>
    </ClCompile>
    <ClCompile Include="src\uwatec_smart_parser.c">
      <Filter>Source Files</Filter>
    </ClCompile>
  </ItemGroup>
</Project>